
Microsoft Visual Studio Solution File, Format Version 12.00
# Visual Studio Version 17
VisualStudioVersion = 17.6.33815.320
MinimumVisualStudioVersion = 10.0.40219.1
Project("{9A19103F-16F7-4668-BE54-9A1E7A4F7556}") = "BulkyBookWeb", "BulkyBookWeb\BulkyBookWeb.csproj", "{AD141E48-E87F-4B94-A6B1-72ABA3F93FF2}"
EndProject
Project("{9A19103F-16F7-4668-BE54-9A1E7A4F7556}") = "BulkyBookRazor_Temp", "BulkyBookRazor_Temp\BulkyBookRazor_Temp.csproj", "{503F55CC-708C-42BD-ADF5-F074B8A2F3E3}"
EndProject
Project("{9A19103F-16F7-4668-BE54-9A1E7A4F7556}") = "Bulky.DataAccess", "Bulky.DataAccess\Bulky.DataAccess.csproj", "{225F78C1-4EC7-41D0-B932-09A4931476F7}"
EndProject
Project("{9A19103F-16F7-4668-BE54-9A1E7A4F7556}") = "Bulky.Models", "Bulky.Models\Bulky.Models.csproj", "{99BED440-38DB-4426-8B04-D3A65E7D6AD9}"
EndProject
Project("{9A19103F-16F7-4668-BE54-9A1E7A4F7556}") = "Bulky.Utility", "Bulky.Utility\Bulky.Utility.csproj", "{2ED4C599-8985-4F48-B54E-396484B2109E}"
EndProject
Project("{FAE04EC0-301F-11D3-BF4B-00C04F79EFBC}") = "DataAccess.Tests", "DataAccess.Tests\DataAccess.Tests.csproj", "{99902D62-AA81-4742-8FD6-40122B942628}"
EndProject
Project("{FAE04EC0-301F-11D3-BF4B-00C04F79EFBC}") = "BulkyBookWeb.Tests", "BulkyBookWeb.Tests\BulkyBookWeb.Tests.csproj", "{77F0BBE7-1299-4957-B5DF-EE526E9E9E66}"
EndProject
Global
	GlobalSection(SolutionConfigurationPlatforms) = preSolution
		Debug|Any CPU = Debug|Any CPU
		Release|Any CPU = Release|Any CPU
	EndGlobalSection
	GlobalSection(ProjectConfigurationPlatforms) = postSolution
		{AD141E48-E87F-4B94-A6B1-72ABA3F93FF2}.Debug|Any CPU.ActiveCfg = Debug|Any CPU
		{AD141E48-E87F-4B94-A6B1-72ABA3F93FF2}.Debug|Any CPU.Build.0 = Debug|Any CPU
		{AD141E48-E87F-4B94-A6B1-72ABA3F93FF2}.Release|Any CPU.ActiveCfg = Release|Any CPU
		{AD141E48-E87F-4B94-A6B1-72ABA3F93FF2}.Release|Any CPU.Build.0 = Release|Any CPU
		{503F55CC-708C-42BD-ADF5-F074B8A2F3E3}.Debug|Any CPU.ActiveCfg = Debug|Any CPU
		{503F55CC-708C-42BD-ADF5-F074B8A2F3E3}.Debug|Any CPU.Build.0 = Debug|Any CPU
		{503F55CC-708C-42BD-ADF5-F074B8A2F3E3}.Release|Any CPU.ActiveCfg = Release|Any CPU
		{503F55CC-708C-42BD-ADF5-F074B8A2F3E3}.Release|Any CPU.Build.0 = Release|Any CPU
		{225F78C1-4EC7-41D0-B932-09A4931476F7}.Debug|Any CPU.ActiveCfg = Debug|Any CPU
		{225F78C1-4EC7-41D0-B932-09A4931476F7}.Debug|Any CPU.Build.0 = Debug|Any CPU
		{225F78C1-4EC7-41D0-B932-09A4931476F7}.Release|Any CPU.ActiveCfg = Release|Any CPU
		{225F78C1-4EC7-41D0-B932-09A4931476F7}.Release|Any CPU.Build.0 = Release|Any CPU
		{99BED440-38DB-4426-8B04-D3A65E7D6AD9}.Debug|Any CPU.ActiveCfg = Debug|Any CPU
		{99BED440-38DB-4426-8B04-D3A65E7D6AD9}.Debug|Any CPU.Build.0 = Debug|Any CPU
		{99BED440-38DB-4426-8B04-D3A65E7D6AD9}.Release|Any CPU.ActiveCfg = Release|Any CPU
		{99BED440-38DB-4426-8B04-D3A65E7D6AD9}.Release|Any CPU.Build.0 = Release|Any CPU
		{2ED4C599-8985-4F48-B54E-396484B2109E}.Debug|Any CPU.ActiveCfg = Debug|Any CPU
		{2ED4C599-8985-4F48-B54E-396484B2109E}.Debug|Any CPU.Build.0 = Debug|Any CPU
		{2ED4C599-8985-4F48-B54E-396484B2109E}.Release|Any CPU.ActiveCfg = Release|Any CPU
		{2ED4C599-8985-4F48-B54E-396484B2109E}.Release|Any CPU.Build.0 = Release|Any CPU
		{99902D62-AA81-4742-8FD6-40122B942628}.Debug|Any CPU.ActiveCfg = Debug|Any CPU
		{99902D62-AA81-4742-8FD6-40122B942628}.Debug|Any CPU.Build.0 = Debug|Any CPU
		{99902D62-AA81-4742-8FD6-40122B942628}.Release|Any CPU.ActiveCfg = Release|Any CPU
		{99902D62-AA81-4742-8FD6-40122B942628}.Release|Any CPU.Build.0 = Release|Any CPU
		{77F0BBE7-1299-4957-B5DF-EE526E9E9E66}.Debug|Any CPU.ActiveCfg = Debug|Any CPU
		{77F0BBE7-1299-4957-B5DF-EE526E9E9E66}.Debug|Any CPU.Build.0 = Debug|Any CPU
		{77F0BBE7-1299-4957-B5DF-EE526E9E9E66}.Release|Any CPU.ActiveCfg = Release|Any CPU
		{77F0BBE7-1299-4957-B5DF-EE526E9E9E66}.Release|Any CPU.Build.0 = Release|Any CPU
	EndGlobalSection
	GlobalSection(SolutionProperties) = preSolution
		HideSolutionNode = FALSE
	EndGlobalSection
	GlobalSection(ExtensibilityGlobals) = postSolution
		SolutionGuid = {BE87FA7C-9A5B-48F8-98DD-DA6D6CCDF8C5}
	EndGlobalSection
EndGlobal
